
Microsoft Visual Studio Solution File, Format Version 12.00
# Visual Studio Version 16
VisualStudioVersion = 16.0.28822.285
MinimumVisualStudioVersion = 10.0.40219.1
Project("{9A19103F-16F7-4668-BE54-9A1E7A4F7556}") = "InteractorHub", "InteractorHub\InteractorHub.csproj", "{7527C96C-E595-4405-A447-92D920EDD75C}"
EndProject
Project("{9A19103F-16F7-4668-BE54-9A1E7A4F7556}") = "InteractorHub.Tests", "InteractorHub.Tests\InteractorHub.Tests.csproj", "{4785A0FD-C255-4E39-8FC0-0AA168998BCF}"
EndProject
Project("{FAE04EC0-301F-11D3-BF4B-00C04F79EFBC}") = "InteractorHub.Resolvers.AutoFac", "InteractorHub.Resolver.AutoFac\InteractorHub.Resolvers.AutoFac.csproj", "{BE442F31-BBAE-43BB-9B19-C9F98185B380}"
EndProject
Project("{FAE04EC0-301F-11D3-BF4B-00C04F79EFBC}") = "InteractorHub.Tests.Resolvers.AutoFac", "InteractorHub.Resolvers.AutoFac.Tests\InteractorHub.Tests.Resolvers.AutoFac.csproj", "{100E7664-5E75-4143-AED1-A768703BF900}"
EndProject
Project("{FAE04EC0-301F-11D3-BF4B-00C04F79EFBC}") = "InteractorHub.Resolvers.Ninject", "InteractorHub.Resolvers.Ninject\InteractorHub.Resolvers.Ninject.csproj", "{BE4F074B-F7C5-4237-923B-1BB90BCAB25B}"
EndProject
Project("{FAE04EC0-301F-11D3-BF4B-00C04F79EFBC}") = "InteractorHub.Tests.Resolvers.Ninject", "InteractorHub.Tests.Resolvers.Ninject\InteractorHub.Tests.Resolvers.Ninject.csproj", "{A93D29C6-F6E9-4F67-A7A7-B957DD7D42D4}"
EndProject
Project("{2150E333-8FDC-42A3-9474-1A3956D46DE8}") = "Tests", "Tests", "{D11183B4-69FD-4720-BD4E-90EA0F03B753}"
EndProject
Project("{2150E333-8FDC-42A3-9474-1A3956D46DE8}") = "Resolvers", "Resolvers", "{CAAE7693-DF2B-44E2-BF98-44C8CE32E84A}"
EndProject
Global
	GlobalSection(SolutionConfigurationPlatforms) = preSolution
		Debug|Any CPU = Debug|Any CPU
		Release|Any CPU = Release|Any CPU
	EndGlobalSection
	GlobalSection(ProjectConfigurationPlatforms) = postSolution
		{7527C96C-E595-4405-A447-92D920EDD75C}.Debug|Any CPU.ActiveCfg = Debug|Any CPU
		{7527C96C-E595-4405-A447-92D920EDD75C}.Debug|Any CPU.Build.0 = Debug|Any CPU
		{7527C96C-E595-4405-A447-92D920EDD75C}.Release|Any CPU.ActiveCfg = Release|Any CPU
		{7527C96C-E595-4405-A447-92D920EDD75C}.Release|Any CPU.Build.0 = Release|Any CPU
		{4785A0FD-C255-4E39-8FC0-0AA168998BCF}.Debug|Any CPU.ActiveCfg = Debug|Any CPU
		{4785A0FD-C255-4E39-8FC0-0AA168998BCF}.Debug|Any CPU.Build.0 = Debug|Any CPU
		{4785A0FD-C255-4E39-8FC0-0AA168998BCF}.Release|Any CPU.ActiveCfg = Release|Any CPU
		{4785A0FD-C255-4E39-8FC0-0AA168998BCF}.Release|Any CPU.Build.0 = Release|Any CPU
		{BE442F31-BBAE-43BB-9B19-C9F98185B380}.Debug|Any CPU.ActiveCfg = Debug|Any CPU
		{BE442F31-BBAE-43BB-9B19-C9F98185B380}.Debug|Any CPU.Build.0 = Debug|Any CPU
		{BE442F31-BBAE-43BB-9B19-C9F98185B380}.Release|Any CPU.ActiveCfg = Release|Any CPU
		{BE442F31-BBAE-43BB-9B19-C9F98185B380}.Release|Any CPU.Build.0 = Release|Any CPU
		{100E7664-5E75-4143-AED1-A768703BF900}.Debug|Any CPU.ActiveCfg = Debug|Any CPU
		{100E7664-5E75-4143-AED1-A768703BF900}.Debug|Any CPU.Build.0 = Debug|Any CPU
		{100E7664-5E75-4143-AED1-A768703BF900}.Release|Any CPU.ActiveCfg = Release|Any CPU
		{100E7664-5E75-4143-AED1-A768703BF900}.Release|Any CPU.Build.0 = Release|Any CPU
		{BE4F074B-F7C5-4237-923B-1BB90BCAB25B}.Debug|Any CPU.ActiveCfg = Debug|Any CPU
		{BE4F074B-F7C5-4237-923B-1BB90BCAB25B}.Debug|Any CPU.Build.0 = Debug|Any CPU
		{BE4F074B-F7C5-4237-923B-1BB90BCAB25B}.Release|Any CPU.ActiveCfg = Release|Any CPU
		{BE4F074B-F7C5-4237-923B-1BB90BCAB25B}.Release|Any CPU.Build.0 = Release|Any CPU
		{A93D29C6-F6E9-4F67-A7A7-B957DD7D42D4}.Debug|Any CPU.ActiveCfg = Debug|Any CPU
		{A93D29C6-F6E9-4F67-A7A7-B957DD7D42D4}.Debug|Any CPU.Build.0 = Debug|Any CPU
		{A93D29C6-F6E9-4F67-A7A7-B957DD7D42D4}.Release|Any CPU.ActiveCfg = Release|Any CPU
		{A93D29C6-F6E9-4F67-A7A7-B957DD7D42D4}.Release|Any CPU.Build.0 = Release|Any CPU
	EndGlobalSection
	GlobalSection(SolutionProperties) = preSolution
		HideSolutionNode = FALSE
	EndGlobalSection
	GlobalSection(NestedProjects) = preSolution
		{4785A0FD-C255-4E39-8FC0-0AA168998BCF} = {D11183B4-69FD-4720-BD4E-90EA0F03B753}
		{BE442F31-BBAE-43BB-9B19-C9F98185B380} = {CAAE7693-DF2B-44E2-BF98-44C8CE32E84A}
		{100E7664-5E75-4143-AED1-A768703BF900} = {D11183B4-69FD-4720-BD4E-90EA0F03B753}
		{BE4F074B-F7C5-4237-923B-1BB90BCAB25B} = {CAAE7693-DF2B-44E2-BF98-44C8CE32E84A}
		{A93D29C6-F6E9-4F67-A7A7-B957DD7D42D4} = {D11183B4-69FD-4720-BD4E-90EA0F03B753}
	EndGlobalSection
	GlobalSection(ExtensibilityGlobals) = postSolution
		SolutionGuid = {8AAD7E9A-977B-49F7-B8C2-A571D83C6060}
	EndGlobalSection
EndGlobal
